
Microsoft Visual Studio Solution File, Format Version 12.00
# Visual Studio Version 17
VisualStudioVersion = 17.11.35327.3
MinimumVisualStudioVersion = 10.0.40219.1
Project("{FAE04EC0-301F-11D3-BF4B-00C04F79EFBC}") = "DtoTest", "DtoTest\DtoTest.csproj", "{8341B3CE-B2BB-428C-84E2-9AFFA57752CA}"
EndProject
Global
	GlobalSection(SolutionConfigurationPlatforms) = preSolution
		Debug|Any CPU = Debug|Any CPU
		Release|Any CPU = Release|Any CPU
	EndGlobalSection
	GlobalSection(ProjectConfigurationPlatforms) = postSolution
		{8341B3CE-B2BB-428C-84E2-9AFFA57752CA}.Debug|Any CPU.ActiveCfg = Debug|Any CPU
		{8341B3CE-B2BB-428C-84E2-9AFFA57752CA}.Debug|Any CPU.Build.0 = Debug|Any CPU
		{8341B3CE-B2BB-428C-84E2-9AFFA57752CA}.Release|Any CPU.ActiveCfg = Release|Any CPU
		{8341B3CE-B2BB-428C-84E2-9AFFA57752CA}.Release|Any CPU.Build.0 = Release|Any CPU
	EndGlobalSection
	GlobalSection(SolutionProperties) = preSolution
		HideSolutionNode = FALSE
	EndGlobalSection
	GlobalSection(ExtensibilityGlobals) = postSolution
		SolutionGuid = {DCBA9573-E62D-445D-8348-621B75653DB9}
	EndGlobalSection
EndGlobal
