
Microsoft Visual Studio Solution File, Format Version 12.00
# Visual Studio Version 17
VisualStudioVersion = 17.11.35327.3
MinimumVisualStudioVersion = 10.0.40219.1
Project("{2150E333-8FDC-42A3-9474-1A3956D46DE8}") = "FrontEnd", "FrontEnd", "{30C773C3-4B5B-499B-B090-D94B58BF87BC}"
EndProject
Project("{2150E333-8FDC-42A3-9474-1A3956D46DE8}") = "Gateway", "Gateway", "{CD3EE0C3-DD88-4A7A-A60A-D92FD8529F09}"
EndProject
Project("{2150E333-8FDC-42A3-9474-1A3956D46DE8}") = "Integration", "Integration", "{7AC22A72-139C-43BC-8063-CD3365A4D879}"
EndProject
Project("{2150E333-8FDC-42A3-9474-1A3956D46DE8}") = "Services", "Services", "{73E620E5-0577-4785-8F5E-8932A8EBD709}"
EndProject
Project("{9A19103F-16F7-4668-BE54-9A1E7A4F7556}") = "MicroServiceTest.Services.CouponAPI", "MicroServiceTest.Services.CouponAPI\MicroServiceTest.Services.CouponAPI.csproj", "{FBBA7B87-3C20-4FF5-8579-490CB5D1C22D}"
EndProject
Project("{FAE04EC0-301F-11D3-BF4B-00C04F79EFBC}") = "Mango.Services.AuthApi", "Mango.Services.AuthApi\Mango.Services.AuthApi.csproj", "{F5539C27-07A5-40EC-ADCE-8F3DBB7BD5A0}"
EndProject
Project("{FAE04EC0-301F-11D3-BF4B-00C04F79EFBC}") = "UI", "UI\UI.csproj", "{687C779E-94B9-4259-9E9B-E6851FD6EEC2}"
EndProject
Global
	GlobalSection(SolutionConfigurationPlatforms) = preSolution
		Debug|Any CPU = Debug|Any CPU
		Release|Any CPU = Release|Any CPU
	EndGlobalSection
	GlobalSection(ProjectConfigurationPlatforms) = postSolution
		{FBBA7B87-3C20-4FF5-8579-490CB5D1C22D}.Debug|Any CPU.ActiveCfg = Debug|Any CPU
		{FBBA7B87-3C20-4FF5-8579-490CB5D1C22D}.Debug|Any CPU.Build.0 = Debug|Any CPU
		{FBBA7B87-3C20-4FF5-8579-490CB5D1C22D}.Release|Any CPU.ActiveCfg = Release|Any CPU
		{FBBA7B87-3C20-4FF5-8579-490CB5D1C22D}.Release|Any CPU.Build.0 = Release|Any CPU
		{F5539C27-07A5-40EC-ADCE-8F3DBB7BD5A0}.Debug|Any CPU.ActiveCfg = Debug|Any CPU
		{F5539C27-07A5-40EC-ADCE-8F3DBB7BD5A0}.Debug|Any CPU.Build.0 = Debug|Any CPU
		{F5539C27-07A5-40EC-ADCE-8F3DBB7BD5A0}.Release|Any CPU.ActiveCfg = Release|Any CPU
		{F5539C27-07A5-40EC-ADCE-8F3DBB7BD5A0}.Release|Any CPU.Build.0 = Release|Any CPU
		{687C779E-94B9-4259-9E9B-E6851FD6EEC2}.Debug|Any CPU.ActiveCfg = Debug|Any CPU
		{687C779E-94B9-4259-9E9B-E6851FD6EEC2}.Debug|Any CPU.Build.0 = Debug|Any CPU
		{687C779E-94B9-4259-9E9B-E6851FD6EEC2}.Release|Any CPU.ActiveCfg = Release|Any CPU
		{687C779E-94B9-4259-9E9B-E6851FD6EEC2}.Release|Any CPU.Build.0 = Release|Any CPU
	EndGlobalSection
	GlobalSection(SolutionProperties) = preSolution
		HideSolutionNode = FALSE
	EndGlobalSection
	GlobalSection(NestedProjects) = preSolution
		{FBBA7B87-3C20-4FF5-8579-490CB5D1C22D} = {73E620E5-0577-4785-8F5E-8932A8EBD709}
		{F5539C27-07A5-40EC-ADCE-8F3DBB7BD5A0} = {73E620E5-0577-4785-8F5E-8932A8EBD709}
		{687C779E-94B9-4259-9E9B-E6851FD6EEC2} = {30C773C3-4B5B-499B-B090-D94B58BF87BC}
	EndGlobalSection
	GlobalSection(ExtensibilityGlobals) = postSolution
		SolutionGuid = {2D6022D8-22FA-4C74-A9A8-F7AB840CB2DF}
	EndGlobalSection
EndGlobal
